{
  "version": 4,
  "terraform_version": "1.14.3",
  "serial": 38,
  "lineage": "429ba8c2-1e8f-a321-d3eb-43996389657e",
  "outputs": {},
  "resources": [
    {
      "module": "module.network_vpc",
      "mode": "managed",
      "type": "google_compute_network",
      "name": "this_vpc",
      "provider": "provider[\"registry.terraform.io/hashicorp/google\"]",
      "instances": [
        {
          "schema_version": 0,
          "attributes": {
            "auto_create_subnetworks": false,
            "bgp_always_compare_med": false,
            "bgp_best_path_selection_mode": "LEGACY",
            "bgp_inter_region_cost": "",
            "delete_bgp_always_compare_med": false,
            "delete_default_routes_on_create": false,
            "description": "",
            "enable_ula_internal_ipv6": false,
            "gateway_ipv4": "",
            "id": "projects/opensip-prod/global/networks/vpc-demo-modules",
            "internal_ipv6_range": "",
            "mtu": 0,
            "name": "vpc-demo-modules",
            "network_firewall_policy_enforcement_order": "AFTER_CLASSIC_FIREWALL",
            "network_id": "6848279031026007904",
            "network_profile": "",
            "numeric_id": "6848279031026007904",
            "params": [],
            "project": "opensip-prod",
            "routing_mode": "REGIONAL",
            "self_link": "https://www.googleapis.com/compute/v1/projects/opensip-prod/global/networks/vpc-demo-modules",
            "timeouts": null
          },
          "sensitive_attributes": [],
          "identity_schema_version": 0,
          "private": "eyJlMmJmYjczMC1lY2FhLTExZTYtOGY4OC0zNDM2M2JjN2M0YzAiOnsiY3JlYXRlIjoxMjAwMDAwMDAwMDAwLCJkZWxldGUiOjEyMDAwMDAwMDAwMDAsInVwZGF0ZSI6MTIwMDAwMDAwMDAwMH19"
        }
      ]
    },
    {
      "module": "module.network_vpc",
      "mode": "managed",
      "type": "google_compute_subnetwork",
      "name": "this_subnets",
      "provider": "provider[\"registry.terraform.io/hashicorp/google\"]",
      "instances": [
        {
          "index_key": "web-subnet",
          "schema_version": 0,
          "attributes": {
            "allow_subnet_cidr_routes_overlap": false,
            "creation_timestamp": "2026-02-27T12:42:13.377-08:00",
            "description": "",
            "external_ipv6_prefix": "",
            "fingerprint": null,
            "gateway_address": "192.168.16.1",
            "id": "projects/opensip-prod/regions/us-central1/subnetworks/web-subnet",
            "internal_ipv6_prefix": "",
            "ip_cidr_range": "192.168.16.0/24",
            "ip_collection": null,
            "ipv6_access_type": "",
            "ipv6_cidr_range": "",
            "ipv6_gce_endpoint": "",
            "log_config": [],
            "name": "web-subnet",
            "network": "https://www.googleapis.com/compute/v1/projects/opensip-prod/global/networks/vpc-demo-modules",
            "params": [],
            "private_ip_google_access": false,
            "private_ipv6_google_access": "DISABLE_GOOGLE_ACCESS",
            "project": "opensip-prod",
            "purpose": "PRIVATE",
            "region": "us-central1",
            "reserved_internal_range": "",
            "role": "",
            "secondary_ip_range": [],
            "self_link": "https://www.googleapis.com/compute/v1/projects/opensip-prod/regions/us-central1/subnetworks/web-subnet",
            "send_secondary_ip_range_if_empty": null,
            "stack_type": "IPV4_ONLY",
            "state": "",
            "subnetwork_id": 5056663758853619530,
            "timeouts": null
          },
          "sensitive_attributes": [],
          "identity_schema_version": 0,
          "private": "eyJlMmJmYjczMC1lY2FhLTExZTYtOGY4OC0zNDM2M2JjN2M0YzAiOnsiY3JlYXRlIjoxMjAwMDAwMDAwMDAwLCJkZWxldGUiOjEyMDAwMDAwMDAwMDAsInVwZGF0ZSI6MTIwMDAwMDAwMDAwMH19",
          "dependencies": [
            "module.network_vpc.google_compute_network.this_vpc"
          ]
        }
      ]
    }
  ],
  "check_results": [
    {
      "object_kind": "var",
      "config_addr": "module.vpc_instance.var.instance_tags",
      "status": "unknown",
      "objects": null
    },
    {
      "object_kind": "var",
      "config_addr": "module.vpc_instance.var.instance_labels",
      "status": "unknown",
      "objects": null
    }
  ]
}
